
Microsoft Visual Studio Solution File, Format Version 12.00
# Visual Studio Version 16
VisualStudioVersion = 16.0.30804.86
MinimumVisualStudioVersion = 10.0.40219.1
Project("{FAE04EC0-301F-11D3-BF4B-00C04F79EFBC}") = "AppQuantidade.UWP", "AppQuantidade\AppQuantidade.UWP\AppQuantidade.UWP.csproj", "{09F3B95A-2908-467C-BE39-9878B40C9DA0}"
EndProject
Project("{FAE04EC0-301F-11D3-BF4B-00C04F79EFBC}") = "AppQuantidade.Android", "AppQuantidade\AppQuantidade.Android\AppQuantidade.Android.csproj", "{A687CDEC-4867-4B1A-9DE4-C802D8A9FB4C}"
EndProject
Project("{FAE04EC0-301F-11D3-BF4B-00C04F79EFBC}") = "AppQuantidade.iOS", "AppQuantidade\AppQuantidade.iOS\AppQuantidade.iOS.csproj", "{86632391-92DA-427B-9FA8-10661CAC61A6}"
EndProject
Project("{FAE04EC0-301F-11D3-BF4B-00C04F79EFBC}") = "AppQuantidade", "AppQuantidade\AppQuantidade\AppQuantidade.csproj", "{27DD14CF-5E4A-4E57-B66A-2890C6A44E5D}"
EndProject
Global
	GlobalSection(SolutionConfigurationPlatforms) = preSolution
		Debug|Any CPU = Debug|Any CPU
		Debug|ARM = Debug|ARM
		Debug|iPhone = Debug|iPhone
		Debug|iPhoneSimulator = Debug|iPhoneSimulator
		Debug|x64 = Debug|x64
		Debug|x86 = Debug|x86
		Release|Any CPU = Release|Any CPU
		Release|ARM = Release|ARM
		Release|iPhone = Release|iPhone
		Release|iPhoneSimulator = Release|iPhoneSimulator
		Release|x64 = Release|x64
		Release|x86 = Release|x86
	EndGlobalSection
	GlobalSection(ProjectConfigurationPlatforms) = postSolution
		{09F3B95A-2908-467C-BE39-9878B40C9DA0}.Debug|Any CPU.ActiveCfg = Debug|x86
		{09F3B95A-2908-467C-BE39-9878B40C9DA0}.Debug|Any CPU.Build.0 = Debug|x86
		{09F3B95A-2908-467C-BE39-9878B40C9DA0}.Debug|Any CPU.Deploy.0 = Debug|x86
		{09F3B95A-2908-467C-BE39-9878B40C9DA0}.Debug|ARM.ActiveCfg = Debug|ARM
		{09F3B95A-2908-467C-BE39-9878B40C9DA0}.Debug|ARM.Build.0 = Debug|ARM
		{09F3B95A-2908-467C-BE39-9878B40C9DA0}.Debug|ARM.Deploy.0 = Debug|ARM
		{09F3B95A-2908-467C-BE39-9878B40C9DA0}.Debug|iPhone.ActiveCfg = Debug|x86
		{09F3B95A-2908-467C-BE39-9878B40C9DA0}.Debug|iPhone.Build.0 = Debug|x86
		{09F3B95A-2908-467C-BE39-9878B40C9DA0}.Debug|iPhone.Deploy.0 = Debug|x86
		{09F3B95A-2908-467C-BE39-9878B40C9DA0}.Debug|iPhoneSimulator.ActiveCfg = Debug|x86
		{09F3B95A-2908-467C-BE39-9878B40C9DA0}.Debug|iPhoneSimulator.Build.0 = Debug|x86
		{09F3B95A-2908-467C-BE39-9878B40C9DA0}.Debug|iPhoneSimulator.Deploy.0 = Debug|x86
		{09F3B95A-2908-467C-BE39-9878B40C9DA0}.Debug|x64.ActiveCfg = Debug|x64
		{09F3B95A-2908-467C-BE39-9878B40C9DA0}.Debug|x64.Build.0 = Debug|x64
		{09F3B95A-2908-467C-BE39-9878B40C9DA0}.Debug|x64.Deploy.0 = Debug|x64
		{09F3B95A-2908-467C-BE39-9878B40C9DA0}.Debug|x86.ActiveCfg = Debug|x86
		{09F3B95A-2908-467C-BE39-9878B40C9DA0}.Debug|x86.Build.0 = Debug|x86
		{09F3B95A-2908-467C-BE39-9878B40C9DA0}.Debug|x86.Deploy.0 = Debug|x86
		{09F3B95A-2908-467C-BE39-9878B40C9DA0}.Release|Any CPU.ActiveCfg = Release|x86
		{09F3B95A-2908-467C-BE39-9878B40C9DA0}.Release|Any CPU.Build.0 = Release|x86
		{09F3B95A-2908-467C-BE39-9878B40C9DA0}.Release|Any CPU.Deploy.0 = Release|x86
		{09F3B95A-2908-467C-BE39-9878B40C9DA0}.Release|ARM.ActiveCfg = Release|ARM
		{09F3B95A-2908-467C-BE39-9878B40C9DA0}.Release|ARM.Build.0 = Release|ARM
		{09F3B95A-2908-467C-BE39-9878B40C9DA0}.Release|ARM.Deploy.0 = Release|ARM
		{09F3B95A-2908-467C-BE39-9878B40C9DA0}.Release|iPhone.ActiveCfg = Release|x86
		{09F3B95A-2908-467C-BE39-9878B40C9DA0}.Release|iPhone.Build.0 = Release|x86
		{09F3B95A-2908-467C-BE39-9878B40C9DA0}.Release|iPhone.Deploy.0 = Release|x86
		{09F3B95A-2908-467C-BE39-9878B40C9DA0}.Release|iPhoneSimulator.ActiveCfg = Release|x86
		{09F3B95A-2908-467C-BE39-9878B40C9DA0}.Release|iPhoneSimulator.Build.0 = Release|x86
		{09F3B95A-2908-467C-BE39-9878B40C9DA0}.Release|iPhoneSimulator.Deploy.0 = Release|x86
		{09F3B95A-2908-467C-BE39-9878B40C9DA0}.Release|x64.ActiveCfg = Release|x64
		{09F3B95A-2908-467C-BE39-9878B40C9DA0}.Release|x64.Build.0 = Release|x64
		{09F3B95A-2908-467C-BE39-9878B40C9DA0}.Release|x64.Deploy.0 = Release|x64
		{09F3B95A-2908-467C-BE39-9878B40C9DA0}.Release|x86.ActiveCfg = Release|x86
		{09F3B95A-2908-467C-BE39-9878B40C9DA0}.Release|x86.Build.0 = Release|x86
		{09F3B95A-2908-467C-BE39-9878B40C9DA0}.Release|x86.Deploy.0 = Release|x86
		{A687CDEC-4867-4B1A-9DE4-C802D8A9FB4C}.Debug|Any CPU.ActiveCfg = Debug|Any CPU
		{A687CDEC-4867-4B1A-9DE4-C802D8A9FB4C}.Debug|Any CPU.Build.0 = Debug|Any CPU
		{A687CDEC-4867-4B1A-9DE4-C802D8A9FB4C}.Debug|Any CPU.Deploy.0 = Debug|Any CPU
		{A687CDEC-4867-4B1A-9DE4-C802D8A9FB4C}.Debug|ARM.ActiveCfg = Debug|Any CPU
		{A687CDEC-4867-4B1A-9DE4-C802D8A9FB4C}.Debug|ARM.Build.0 = Debug|Any CPU
		{A687CDEC-4867-4B1A-9DE4-C802D8A9FB4C}.Debug|ARM.Deploy.0 = Debug|Any CPU
		{A687CDEC-4867-4B1A-9DE4-C802D8A9FB4C}.Debug|iPhone.ActiveCfg = Debug|Any CPU
		{A687CDEC-4867-4B1A-9DE4-C802D8A9FB4C}.Debug|iPhone.Build.0 = Debug|Any CPU
		{A687CDEC-4867-4B1A-9DE4-C802D8A9FB4C}.Debug|iPhone.Deploy.0 = Debug|Any CPU
		{A687CDEC-4867-4B1A-9DE4-C802D8A9FB4C}.Debug|iPhoneSimulator.ActiveCfg = Debug|Any CPU
		{A687CDEC-4867-4B1A-9DE4-C802D8A9FB4C}.Debug|iPhoneSimulator.Build.0 = Debug|Any CPU
		{A687CDEC-4867-4B1A-9DE4-C802D8A9FB4C}.Debug|iPhoneSimulator.Deploy.0 = Debug|Any CPU
		{A687CDEC-4867-4B1A-9DE4-C802D8A9FB4C}.Debug|x64.ActiveCfg = Debug|Any CPU
		{A687CDEC-4867-4B1A-9DE4-C802D8A9FB4C}.Debug|x64.Build.0 = Debug|Any CPU
		{A687CDEC-4867-4B1A-9DE4-C802D8A9FB4C}.Debug|x64.Deploy.0 = Debug|Any CPU
		{A687CDEC-4867-4B1A-9DE4-C802D8A9FB4C}.Debug|x86.ActiveCfg = Debug|Any CPU
		{A687CDEC-4867-4B1A-9DE4-C802D8A9FB4C}.Debug|x86.Build.0 = Debug|Any CPU
		{A687CDEC-4867-4B1A-9DE4-C802D8A9FB4C}.Debug|x86.Deploy.0 = Debug|Any CPU
		{A687CDEC-4867-4B1A-9DE4-C802D8A9FB4C}.Release|Any CPU.ActiveCfg = Release|Any CPU
		{A687CDEC-4867-4B1A-9DE4-C802D8A9FB4C}.Release|Any CPU.Build.0 = Release|Any CPU
		{A687CDEC-4867-4B1A-9DE4-C802D8A9FB4C}.Release|Any CPU.Deploy.0 = Release|Any CPU
		{A687CDEC-4867-4B1A-9DE4-C802D8A9FB4C}.Release|ARM.ActiveCfg = Release|Any CPU
		{A687CDEC-4867-4B1A-9DE4-C802D8A9FB4C}.Release|ARM.Build.0 = Release|Any CPU
		{A687CDEC-4867-4B1A-9DE4-C802D8A9FB4C}.Release|ARM.Deploy.0 = Release|Any CPU
		{A687CDEC-4867-4B1A-9DE4-C802D8A9FB4C}.Release|iPhone.ActiveCfg = Release|Any CPU
		{A687CDEC-4867-4B1A-9DE4-C802D8A9FB4C}.Release|iPhone.Build.0 = Release|Any CPU
		{A687CDEC-4867-4B1A-9DE4-C802D8A9FB4C}.Release|iPhone.Deploy.0 = Release|Any CPU
		{A687CDEC-4867-4B1A-9DE4-C802D8A9FB4C}.Release|iPhoneSimulator.ActiveCfg = Release|Any CPU
		{A687CDEC-4867-4B1A-9DE4-C802D8A9FB4C}.Release|iPhoneSimulator.Build.0 = Release|Any CPU
		{A687CDEC-4867-4B1A-9DE4-C802D8A9FB4C}.Release|iPhoneSimulator.Deploy.0 = Release|Any CPU
		{A687CDEC-4867-4B1A-9DE4-C802D8A9FB4C}.Release|x64.ActiveCfg = Release|Any CPU
		{A687CDEC-4867-4B1A-9DE4-C802D8A9FB4C}.Release|x64.Build.0 = Release|Any CPU
		{A687CDEC-4867-4B1A-9DE4-C802D8A9FB4C}.Release|x64.Deploy.0 = Release|Any CPU
		{A687CDEC-4867-4B1A-9DE4-C802D8A9FB4C}.Release|x86.ActiveCfg = Release|Any CPU
		{A687CDEC-4867-4B1A-9DE4-C802D8A9FB4C}.Release|x86.Build.0 = Release|Any CPU
		{A687CDEC-4867-4B1A-9DE4-C802D8A9FB4C}.Release|x86.Deploy.0 = Release|Any CPU
		{86632391-92DA-427B-9FA8-10661CAC61A6}.Debug|Any CPU.ActiveCfg = Debug|iPhoneSimulator
		{86632391-92DA-427B-9FA8-10661CAC61A6}.Debug|Any CPU.Build.0 = Debug|iPhoneSimulator
		{86632391-92DA-427B-9FA8-10661CAC61A6}.Debug|Any CPU.Deploy.0 = Debug|iPhoneSimulator
		{86632391-92DA-427B-9FA8-10661CAC61A6}.Debug|ARM.ActiveCfg = Debug|iPhone
		{86632391-92DA-427B-9FA8-10661CAC61A6}.Debug|ARM.Build.0 = Debug|iPhone
		{86632391-92DA-427B-9FA8-10661CAC61A6}.Debug|ARM.Deploy.0 = Debug|iPhone
		{86632391-92DA-427B-9FA8-10661CAC61A6}.Debug|iPhone.ActiveCfg = Debug|iPhone
		{86632391-92DA-427B-9FA8-10661CAC61A6}.Debug|iPhone.Build.0 = Debug|iPhone
		{86632391-92DA-427B-9FA8-10661CAC61A6}.Debug|iPhone.Deploy.0 = Debug|iPhone
		{86632391-92DA-427B-9FA8-10661CAC61A6}.Debug|iPhoneSimulator.ActiveCfg = Debug|iPhoneSimulator
		{86632391-92DA-427B-9FA8-10661CAC61A6}.Debug|iPhoneSimulator.Build.0 = Debug|iPhoneSimulator
		{86632391-92DA-427B-9FA8-10661CAC61A6}.Debug|iPhoneSimulator.Deploy.0 = Debug|iPhoneSimulator
		{86632391-92DA-427B-9FA8-10661CAC61A6}.Debug|x64.ActiveCfg = Debug|iPhoneSimulator
		{86632391-92DA-427B-9FA8-10661CAC61A6}.Debug|x64.Build.0 = Debug|iPhoneSimulator
		{86632391-92DA-427B-9FA8-10661CAC61A6}.Debug|x64.Deploy.0 = Debug|iPhoneSimulator
		{86632391-92DA-427B-9FA8-10661CAC61A6}.Debug|x86.ActiveCfg = Debug|iPhoneSimulator
		{86632391-92DA-427B-9FA8-10661CAC61A6}.Debug|x86.Build.0 = Debug|iPhoneSimulator
		{86632391-92DA-427B-9FA8-10661CAC61A6}.Debug|x86.Deploy.0 = Debug|iPhoneSimulator
		{86632391-92DA-427B-9FA8-10661CAC61A6}.Release|Any CPU.ActiveCfg = Release|iPhoneSimulator
		{86632391-92DA-427B-9FA8-10661CAC61A6}.Release|Any CPU.Build.0 = Release|iPhoneSimulator
		{86632391-92DA-427B-9FA8-10661CAC61A6}.Release|Any CPU.Deploy.0 = Release|iPhoneSimulator
		{86632391-92DA-427B-9FA8-10661CAC61A6}.Release|ARM.ActiveCfg = Release|iPhoneSimulator
		{86632391-92DA-427B-9FA8-10661CAC61A6}.Release|ARM.Build.0 = Release|iPhoneSimulator
		{86632391-92DA-427B-9FA8-10661CAC61A6}.Release|ARM.Deploy.0 = Release|iPhoneSimulator
		{86632391-92DA-427B-9FA8-10661CAC61A6}.Release|iPhone.ActiveCfg = Release|iPhone
		{86632391-92DA-427B-9FA8-10661CAC61A6}.Release|iPhone.Build.0 = Release|iPhone
		{86632391-92DA-427B-9FA8-10661CAC61A6}.Release|iPhone.Deploy.0 = Release|iPhone
		{86632391-92DA-427B-9FA8-10661CAC61A6}.Release|iPhoneSimulator.ActiveCfg = Release|iPhoneSimulator
		{86632391-92DA-427B-9FA8-10661CAC61A6}.Release|iPhoneSimulator.Build.0 = Release|iPhoneSimulator
		{86632391-92DA-427B-9FA8-10661CAC61A6}.Release|iPhoneSimulator.Deploy.0 = Release|iPhoneSimulator
		{86632391-92DA-427B-9FA8-10661CAC61A6}.Release|x64.ActiveCfg = Release|iPhoneSimulator
		{86632391-92DA-427B-9FA8-10661CAC61A6}.Release|x64.Build.0 = Release|iPhoneSimulator
		{86632391-92DA-427B-9FA8-10661CAC61A6}.Release|x64.Deploy.0 = Release|iPhoneSimulator
		{86632391-92DA-427B-9FA8-10661CAC61A6}.Release|x86.ActiveCfg = Release|iPhoneSimulator
		{86632391-92DA-427B-9FA8-10661CAC61A6}.Release|x86.Build.0 = Release|iPhoneSimulator
		{86632391-92DA-427B-9FA8-10661CAC61A6}.Release|x86.Deploy.0 = Release|iPhoneSimulator
		{27DD14CF-5E4A-4E57-B66A-2890C6A44E5D}.Debug|Any CPU.ActiveCfg = Debug|Any CPU
		{27DD14CF-5E4A-4E57-B66A-2890C6A44E5D}.Debug|Any CPU.Build.0 = Debug|Any CPU
		{27DD14CF-5E4A-4E57-B66A-2890C6A44E5D}.Debug|Any CPU.Deploy.0 = Debug|Any CPU
		{27DD14CF-5E4A-4E57-B66A-2890C6A44E5D}.Debug|ARM.ActiveCfg = Debug|Any CPU
		{27DD14CF-5E4A-4E57-B66A-2890C6A44E5D}.Debug|ARM.Build.0 = Debug|Any CPU
		{27DD14CF-5E4A-4E57-B66A-2890C6A44E5D}.Debug|ARM.Deploy.0 = Debug|Any CPU
		{27DD14CF-5E4A-4E57-B66A-2890C6A44E5D}.Debug|iPhone.ActiveCfg = Debug|Any CPU
		{27DD14CF-5E4A-4E57-B66A-2890C6A44E5D}.Debug|iPhone.Build.0 = Debug|Any CPU
		{27DD14CF-5E4A-4E57-B66A-2890C6A44E5D}.Debug|iPhone.Deploy.0 = Debug|Any CPU
		{27DD14CF-5E4A-4E57-B66A-2890C6A44E5D}.Debug|iPhoneSimulator.ActiveCfg = Debug|Any CPU
		{27DD14CF-5E4A-4E57-B66A-2890C6A44E5D}.Debug|iPhoneSimulator.Build.0 = Debug|Any CPU
		{27DD14CF-5E4A-4E57-B66A-2890C6A44E5D}.Debug|iPhoneSimulator.Deploy.0 = Debug|Any CPU
		{27DD14CF-5E4A-4E57-B66A-2890C6A44E5D}.Debug|x64.ActiveCfg = Debug|Any CPU
		{27DD14CF-5E4A-4E57-B66A-2890C6A44E5D}.Debug|x64.Build.0 = Debug|Any CPU
		{27DD14CF-5E4A-4E57-B66A-2890C6A44E5D}.Debug|x64.Deploy.0 = Debug|Any CPU
		{27DD14CF-5E4A-4E57-B66A-2890C6A44E5D}.Debug|x86.ActiveCfg = Debug|Any CPU
		{27DD14CF-5E4A-4E57-B66A-2890C6A44E5D}.Debug|x86.Build.0 = Debug|Any CPU
		{27DD14CF-5E4A-4E57-B66A-2890C6A44E5D}.Debug|x86.Deploy.0 = Debug|Any CPU
		{27DD14CF-5E4A-4E57-B66A-2890C6A44E5D}.Release|Any CPU.ActiveCfg = Release|Any CPU
		{27DD14CF-5E4A-4E57-B66A-2890C6A44E5D}.Release|Any CPU.Build.0 = Release|Any CPU
		{27DD14CF-5E4A-4E57-B66A-2890C6A44E5D}.Release|Any CPU.Deploy.0 = Release|Any CPU
		{27DD14CF-5E4A-4E57-B66A-2890C6A44E5D}.Release|ARM.ActiveCfg = Release|Any CPU
		{27DD14CF-5E4A-4E57-B66A-2890C6A44E5D}.Release|ARM.Build.0 = Release|Any CPU
		{27DD14CF-5E4A-4E57-B66A-2890C6A44E5D}.Release|ARM.Deploy.0 = Release|Any CPU
		{27DD14CF-5E4A-4E57-B66A-2890C6A44E5D}.Release|iPhone.ActiveCfg = Release|Any CPU
		{27DD14CF-5E4A-4E57-B66A-2890C6A44E5D}.Release|iPhone.Build.0 = Release|Any CPU
		{27DD14CF-5E4A-4E57-B66A-2890C6A44E5D}.Release|iPhone.Deploy.0 = Release|Any CPU
		{27DD14CF-5E4A-4E57-B66A-2890C6A44E5D}.Release|iPhoneSimulator.ActiveCfg = Release|Any CPU
		{27DD14CF-5E4A-4E57-B66A-2890C6A44E5D}.Release|iPhoneSimulator.Build.0 = Release|Any CPU
		{27DD14CF-5E4A-4E57-B66A-2890C6A44E5D}.Release|iPhoneSimulator.Deploy.0 = Release|Any CPU
		{27DD14CF-5E4A-4E57-B66A-2890C6A44E5D}.Release|x64.ActiveCfg = Release|Any CPU
		{27DD14CF-5E4A-4E57-B66A-2890C6A44E5D}.Release|x64.Build.0 = Release|Any CPU
		{27DD14CF-5E4A-4E57-B66A-2890C6A44E5D}.Release|x64.Deploy.0 = Release|Any CPU
		{27DD14CF-5E4A-4E57-B66A-2890C6A44E5D}.Release|x86.ActiveCfg = Release|Any CPU
		{27DD14CF-5E4A-4E57-B66A-2890C6A44E5D}.Release|x86.Build.0 = Release|Any CPU
		{27DD14CF-5E4A-4E57-B66A-2890C6A44E5D}.Release|x86.Deploy.0 = Release|Any CPU
	EndGlobalSection
	GlobalSection(SolutionProperties) = preSolution
		HideSolutionNode = FALSE
	EndGlobalSection
	GlobalSection(ExtensibilityGlobals) = postSolution
		SolutionGuid = {1ED45040-370D-48B6-AB37-403384538966}
	EndGlobalSection
EndGlobal
